// !$*UTF8*$!
{
	archiveVersion = 1;
	classes = {
	};
	objectVersion = 56;
	objects = {

/* Begin PBXBuildFile section */
		15A4F6EA28F59EE800060880 /* PizzaAnimationApp.swift in Sources */ = {isa = PBXBuildFile; fileRef = 15A4F6E928F59EE800060880 /* PizzaAnimationApp.swift */; };
		15A4F6EC28F59EE800060880 /* ContentView.swift in Sources */ = {isa = PBXBuildFile; fileRef = 15A4F6EB28F59EE800060880 /* ContentView.swift */; };
		15A4F6EE28F59EEA00060880 /* Assets.xcassets in Resources */ = {isa = PBXBuildFile; fileRef = 15A4F6ED28F59EEA00060880 /* Assets.xcassets */; };
		15A4F6F128F59EEA00060880 /* Preview Assets.xcassets in Resources */ = {isa = PBXBuildFile; fileRef = 15A4F6F028F59EEA00060880 /* Preview Assets.xcassets */; };
		15A4F6FB28F59EEA00060880 /* PizzaAnimationTests.swift in Sources */ = {isa = PBXBuildFile; fileRef = 15A4F6FA28F59EEA00060880 /* PizzaAnimationTests.swift */; };
		15A4F70528F59EEA00060880 /* PizzaAnimationUITests.swift in Sources */ = {isa = PBXBuildFile; fileRef = 15A4F70428F59EEA00060880 /* PizzaAnimationUITests.swift */; };
		15A4F70728F59EEA00060880 /* PizzaAnimationUITestsLaunchTests.swift in Sources */ = {isa = PBXBuildFile; fileRef = 15A4F70628F59EEA00060880 /* PizzaAnimationUITestsLaunchTests.swift */; };
		15A4F71628F5A32200060880 /* Pizza.swift in Sources */ = {isa = PBXBuildFile; fileRef = 15A4F71528F5A32200060880 /* Pizza.swift */; };
		15A4F71828F5A49D00060880 /* Home.swift in Sources */ = {isa = PBXBuildFile; fileRef = 15A4F71728F5A49D00060880 /* Home.swift */; };
		15A4F71A28F5B1D900060880 /* ArcShape.swift in Sources */ = {isa = PBXBuildFile; fileRef = 15A4F71928F5B1D900060880 /* ArcShape.swift */; };
/* End PBXBuildFile section */

/* Begin PBXContainerItemProxy section */
		15A4F6F728F59EEA00060880 /* PBXContainerItemProxy */ = {
			isa = PBXContainerItemProxy;
			containerPortal = 15A4F6DE28F59EE800060880 /* Project object */;
			proxyType = 1;
			remoteGlobalIDString = 15A4F6E528F59EE800060880;
			remoteInfo = PizzaAnimation;
		};
		15A4F70128F59EEA00060880 /* PBXContainerItemProxy */ = {
			isa = PBXContainerItemProxy;
			containerPortal = 15A4F6DE28F59EE800060880 /* Project object */;
			proxyType = 1;
			remoteGlobalIDString = 15A4F6E528F59EE800060880;
			remoteInfo = PizzaAnimation;
		};
/* End PBXContainerItemProxy section */

/* Begin PBXFileReference section */
		15A4F6E628F59EE800060880 /* PizzaAnimation.app */ = {isa = PBXFileReference; explicitFileType = wrapper.application; includeInIndex = 0; path = PizzaAnimation.app; sourceTree = BUILT_PRODUCTS_DIR; };
		15A4F6E928F59EE800060880 /* PizzaAnimationApp.swift */ = {isa = PBXFileReference; lastKnownFileType = sourcecode.swift; path = PizzaAnimationApp.swift; sourceTree = "<group>"; };
		15A4F6EB28F59EE800060880 /* ContentView.swift */ = {isa = PBXFileReference; lastKnownFileType = sourcecode.swift; path = ContentView.swift; sourceTree = "<group>"; };
		15A4F6ED28F59EEA00060880 /* Assets.xcassets */ = {isa = PBXFileReference; lastKnownFileType = folder.assetcatalog; path = Assets.xcassets; sourceTree = "<group>"; };
		15A4F6F028F59EEA00060880 /* Preview Assets.xcassets */ = {isa = PBXFileReference; lastKnownFileType = folder.assetcatalog; path = "Preview Assets.xcassets"; sourceTree = "<group>"; };
		15A4F6F628F59EEA00060880 /* PizzaAnimationTests.xctest */ = {isa = PBXFileReference; explicitFileType = wrapper.cfbundle; includeInIndex = 0; path = PizzaAnimationTests.xctest; sourceTree = BUILT_PRODUCTS_DIR; };
		15A4F6FA28F59EEA00060880 /* PizzaAnimationTests.swift */ = {isa = PBXFileReference; lastKnownFileType = sourcecode.swift; path = PizzaAnimationTests.swift; sourceTree = "<group>"; };
		15A4F70028F59EEA00060880 /* PizzaAnimationUITests.xctest */ = {isa = PBXFileReference; explicitFileType = wrapper.cfbundle; includeInIndex = 0; path = PizzaAnimationUITests.xctest; sourceTree = BUILT_PRODUCTS_DIR; };
		15A4F70428F59EEA00060880 /* PizzaAnimationUITests.swift */ = {isa = PBXFileReference; lastKnownFileType = sourcecode.swift; path = PizzaAnimationUITests.swift; sourceTree = "<group>"; };
		15A4F70628F59EEA00060880 /* PizzaAnimationUITestsLaunchTests.swift */ = {isa = PBXFileReference; lastKnownFileType = sourcecode.swift; path = PizzaAnimationUITestsLaunchTests.swift; sourceTree = "<group>"; };
		15A4F71528F5A32200060880 /* Pizza.swift */ = {isa = PBXFileReference; lastKnownFileType = sourcecode.swift; path = Pizza.swift; sourceTree = "<group>"; };
		15A4F71728F5A49D00060880 /* Home.swift */ = {isa = PBXFileReference; lastKnownFileType = sourcecode.swift; path = Home.swift; sourceTree = "<group>"; };
		15A4F71928F5B1D900060880 /* ArcShape.swift */ = {isa = PBXFileReference; lastKnownFileType = sourcecode.swift; path = ArcShape.swift; sourceTree = "<group>"; };
/* End PBXFileReference section */

/* Begin PBXFrameworksBuildPhase section */
		15A4F6E328F59EE800060880 /* Frameworks */ = {
			isa = PBXFrameworksBuildPhase;
			buildActionMask = 2147483647;
			files = (
			);
			runOnlyForDeploymentPostprocessing = 0;
		};
		15A4F6F328F59EEA00060880 /* Frameworks */ = {
			isa = PBXFrameworksBuildPhase;
			buildActionMask = 2147483647;
			files = (
			);
			runOnlyForDeploymentPostprocessing = 0;
		};
		15A4F6FD28F59EEA00060880 /* Frameworks */ = {
			isa = PBXFrameworksBuildPhase;
			buildActionMask = 2147483647;
			files = (
			);
			runOnlyForDeploymentPostprocessing = 0;
		};
/* End PBXFrameworksBuildPhase section */

/* Begin PBXGroup section */
		15A4F6DD28F59EE800060880 = {
			isa = PBXGroup;
			children = (
				15A4F6E828F59EE800060880 /* PizzaAnimation */,
				15A4F6F928F59EEA00060880 /* PizzaAnimationTests */,
				15A4F70328F59EEA00060880 /* PizzaAnimationUITests */,
				15A4F6E728F59EE800060880 /* Products */,
			);
			sourceTree = "<group>";
		};
		15A4F6E728F59EE800060880 /* Products */ = {
			isa = PBXGroup;
			children = (
				15A4F6E628F59EE800060880 /* PizzaAnimation.app */,
				15A4F6F628F59EEA00060880 /* PizzaAnimationTests.xctest */,
				15A4F70028F59EEA00060880 /* PizzaAnimationUITests.xctest */,
			);
			name = Products;
			sourceTree = "<group>";
		};
		15A4F6E828F59EE800060880 /* PizzaAnimation */ = {
			isa = PBXGroup;
			children = (
				15A4F6E928F59EE800060880 /* PizzaAnimationApp.swift */,
				15A4F71428F59FE900060880 /* Model */,
				15A4F71328F59FE200060880 /* View */,
				15A4F6EB28F59EE800060880 /* ContentView.swift */,
				15A4F6ED28F59EEA00060880 /* Assets.xcassets */,
				15A4F6EF28F59EEA00060880 /* Preview Content */,
			);
			path = PizzaAnimation;
			sourceTree = "<group>";
		};
		15A4F6EF28F59EEA00060880 /* Preview Content */ = {
			isa = PBXGroup;
			children = (
				15A4F6F028F59EEA00060880 /* Preview Assets.xcassets */,
			);
			path = "Preview Content";
			sourceTree = "<group>";
		};
		15A4F6F928F59EEA00060880 /* PizzaAnimationTests */ = {
			isa = PBXGroup;
			children = (
				15A4F6FA28F59EEA00060880 /* PizzaAnimationTests.swift */,
			);
			path = PizzaAnimationTests;
			sourceTree = "<group>";
		};
		15A4F70328F59EEA00060880 /* PizzaAnimationUITests */ = {
			isa = PBXGroup;
			children = (
				15A4F70428F59EEA00060880 /* PizzaAnimationUITests.swift */,
				15A4F70628F59EEA00060880 /* PizzaAnimationUITestsLaunchTests.swift */,
			);
			path = PizzaAnimationUITests;
			sourceTree = "<group>";
		};
		15A4F71328F59FE200060880 /* View */ = {
			isa = PBXGroup;
			children = (
				15A4F71728F5A49D00060880 /* Home.swift */,
				15A4F71928F5B1D900060880 /* ArcShape.swift */,
			);
			path = View;
			sourceTree = "<group>";
		};
		15A4F71428F59FE900060880 /* Model */ = {
			isa = PBXGroup;
			children = (
				15A4F71528F5A32200060880 /* Pizza.swift */,
			);
			path = Model;
			sourceTree = "<group>";
		};
/* End PBXGroup section */

/* Begin PBXNativeTarget section */
		15A4F6E528F59EE800060880 /* PizzaAnimation */ = {
			isa = PBXNativeTarget;
			buildConfigurationList = 15A4F70A28F59EEA00060880 /* Build configuration list for PBXNativeTarget "PizzaAnimation" */;
			buildPhases = (
				15A4F6E228F59EE800060880 /* Sources */,
				15A4F6E328F59EE800060880 /* Frameworks */,
				15A4F6E428F59EE800060880 /* Resources */,
			);
			buildRules = (
			);
			dependencies = (
			);
			name = PizzaAnimation;
			productName = PizzaAnimation;
			productReference = 15A4F6E628F59EE800060880 /* PizzaAnimation.app */;
			productType = "com.apple.product-type.application";
		};
		15A4F6F528F59EEA00060880 /* PizzaAnimationTests */ = {
			isa = PBXNativeTarget;
			buildConfigurationList = 15A4F70D28F59EEA00060880 /* Build configuration list for PBXNativeTarget "PizzaAnimationTests" */;
			buildPhases = (
				15A4F6F228F59EEA00060880 /* Sources */,
				15A4F6F328F59EEA00060880 /* Frameworks */,
				15A4F6F428F59EEA00060880 /* Resources */,
			);
			buildRules = (
			);
			dependencies = (
				15A4F6F828F59EEA00060880 /* PBXTargetDependency */,
			);
			name = PizzaAnimationTests;
			productName = PizzaAnimationTests;
			productReference = 15A4F6F628F59EEA00060880 /* PizzaAnimationTests.xctest */;
			productType = "com.apple.product-type.bundle.unit-test";
		};
		15A4F6FF28F59EEA00060880 /* PizzaAnimationUITests */ = {
			isa = PBXNativeTarget;
			buildConfigurationList = 15A4F71028F59EEA00060880 /* Build configuration list for PBXNativeTarget "PizzaAnimationUITests" */;
			buildPhases = (
				15A4F6FC28F59EEA00060880 /* Sources */,
				15A4F6FD28F59EEA00060880 /* Frameworks */,
				15A4F6FE28F59EEA00060880 /* Resources */,
			);
			buildRules = (
			);
			dependencies = (
				15A4F70228F59EEA00060880 /* PBXTargetDependency */,
			);
			name = PizzaAnimationUITests;
			productName = PizzaAnimationUITests;
			productReference = 15A4F70028F59EEA00060880 /* PizzaAnimationUITests.xctest */;
			productType = "com.apple.product-type.bundle.ui-testing";
		};
/* End PBXNativeTarget section */

/* Begin PBXProject section */
		15A4F6DE28F59EE800060880 /* Project object */ = {
			isa = PBXProject;
			attributes = {
				BuildIndependentTargetsInParallel = 1;
				LastSwiftUpdateCheck = 1400;
				LastUpgradeCheck = 1400;
				TargetAttributes = {
					15A4F6E528F59EE800060880 = {
						CreatedOnToolsVersion = 14.0.1;
					};
					15A4F6F528F59EEA00060880 = {
						CreatedOnToolsVersion = 14.0.1;
						TestTargetID = 15A4F6E528F59EE800060880;
					};
					15A4F6FF28F59EEA00060880 = {
						CreatedOnToolsVersion = 14.0.1;
						TestTargetID = 15A4F6E528F59EE800060880;
					};
				};
			};
			buildConfigurationList = 15A4F6E128F59EE800060880 /* Build configuration list for PBXProject "PizzaAnimation" */;
			compatibilityVersion = "Xcode 14.0";
			developmentRegion = en;
			hasScannedForEncodings = 0;
			knownRegions = (
				en,
				Base,
			);
			mainGroup = 15A4F6DD28F59EE800060880;
			productRefGroup = 15A4F6E728F59EE800060880 /* Products */;
			projectDirPath = "";
			projectRoot = "";
			targets = (
				15A4F6E528F59EE800060880 /* PizzaAnimation */,
				15A4F6F528F59EEA00060880 /* PizzaAnimationTests */,
				15A4F6FF28F59EEA00060880 /* PizzaAnimationUITests */,
			);
		};
/* End PBXProject section */

/* Begin PBXResourcesBuildPhase section */
		15A4F6E428F59EE800060880 /* Resources */ = {
			isa = PBXResourcesBuildPhase;
			buildActionMask = 2147483647;
			files = (
				15A4F6F128F59EEA00060880 /* Preview Assets.xcassets in Resources */,
				15A4F6EE28F59EEA00060880 /* Assets.xcassets in Resources */,
			);
			runOnlyForDeploymentPostprocessing = 0;
		};
		15A4F6F428F59EEA00060880 /* Resources */ = {
			isa = PBXResourcesBuildPhase;
			buildActionMask = 2147483647;
			files = (
			);
			runOnlyForDeploymentPostprocessing = 0;
		};
		15A4F6FE28F59EEA00060880 /* Resources */ = {
			isa = PBXResourcesBuildPhase;
			buildActionMask = 2147483647;
			files = (
			);
			runOnlyForDeploymentPostprocessing = 0;
		};
/* End PBXResourcesBuildPhase section */

/* Begin PBXSourcesBuildPhase section */
		15A4F6E228F59EE800060880 /* Sources */ = {
			isa = PBXSourcesBuildPhase;
			buildActionMask = 2147483647;
			files = (
				15A4F6EC28F59EE800060880 /* ContentView.swift in Sources */,
				15A4F71A28F5B1D900060880 /* ArcShape.swift in Sources */,
				15A4F6EA28F59EE800060880 /* PizzaAnimationApp.swift in Sources */,
				15A4F71828F5A49D00060880 /* Home.swift in Sources */,
				15A4F71628F5A32200060880 /* Pizza.swift in Sources */,
			);
			runOnlyForDeploymentPostprocessing = 0;
		};
		15A4F6F228F59EEA00060880 /* Sources */ = {
			isa = PBXSourcesBuildPhase;
			buildActionMask = 2147483647;
			files = (
				15A4F6FB28F59EEA00060880 /* PizzaAnimationTests.swift in Sources */,
			);
			runOnlyForDeploymentPostprocessing = 0;
		};
		15A4F6FC28F59EEA00060880 /* Sources */ = {
			isa = PBXSourcesBuildPhase;
			buildActionMask = 2147483647;
			files = (
				15A4F70728F59EEA00060880 /* PizzaAnimationUITestsLaunchTests.swift in Sources */,
				15A4F70528F59EEA00060880 /* PizzaAnimationUITests.swift in Sources */,
			);
			runOnlyForDeploymentPostprocessing = 0;
		};
/* End PBXSourcesBuildPhase section */

/* Begin PBXTargetDependency section */
		15A4F6F828F59EEA00060880 /* PBXTargetDependency */ = {
			isa = PBXTargetDependency;
			target = 15A4F6E528F59EE800060880 /* PizzaAnimation */;
			targetProxy = 15A4F6F728F59EEA00060880 /* PBXContainerItemProxy */;
		};
		15A4F70228F59EEA00060880 /* PBXTargetDependency */ = {
			isa = PBXTargetDependency;
			target = 15A4F6E528F59EE800060880 /* PizzaAnimation */;
			targetProxy = 15A4F70128F59EEA00060880 /* PBXContainerItemProxy */;
		};
/* End PBXTargetDependency section */

/* Begin XCBuildConfiguration section */
		15A4F70828F59EEA00060880 /* Debug */ = {
			isa = XCBuildConfiguration;
			buildSettings = {
				ALWAYS_SEARCH_USER_PATHS = NO;
				CLANG_ANALYZER_NONNULL = YES;
				CLANG_ANALYZER_NUMBER_OBJECT_CONVERSION = YES_AGGRESSIVE;
				CLANG_CXX_LANGUAGE_STANDARD = "gnu++20";
				CLANG_ENABLE_MODULES = YES;
				CLANG_ENABLE_OBJC_ARC = YES;
				CLANG_ENABLE_OBJC_WEAK = YES;
				CLANG_WARN_BLOCK_CAPTURE_AUTORELEASING = YES;
				CLANG_WARN_BOOL_CONVERSION = YES;
				CLANG_WARN_COMMA = YES;
				CLANG_WARN_CONSTANT_CONVERSION = YES;
				CLANG_WARN_DEPRECATED_OBJC_IMPLEMENTATIONS = YES;
				CLANG_WARN_DIRECT_OBJC_ISA_USAGE = YES_ERROR;
				CLANG_WARN_DOCUMENTATION_COMMENTS = YES;
				CLANG_WARN_EMPTY_BODY = YES;
				CLANG_WARN_ENUM_CONVERSION = YES;
				CLANG_WARN_INFINITE_RECURSION = YES;
				CLANG_WARN_INT_CONVERSION = YES;
				CLANG_WARN_NON_LITERAL_NULL_CONVERSION = YES;
				CLANG_WARN_OBJC_IMPLICIT_RETAIN_SELF = YES;
				CLANG_WARN_OBJC_LITERAL_CONVERSION = YES;
				CLANG_WARN_OBJC_ROOT_CLASS = YES_ERROR;
				CLANG_WARN_QUOTED_INCLUDE_IN_FRAMEWORK_HEADER = YES;
				CLANG_WARN_RANGE_LOOP_ANALYSIS = YES;
				CLANG_WARN_STRICT_PROTOTYPES = YES;
				CLANG_WARN_SUSPICIOUS_MOVE = YES;
				CLANG_WARN_UNGUARDED_AVAILABILITY = YES_AGGRESSIVE;
				CLANG_WARN_UNREACHABLE_CODE = YES;
				CLANG_WARN__DUPLICATE_METHOD_MATCH = YES;
				COPY_PHASE_STRIP = NO;
				DEBUG_INFORMATION_FORMAT = dwarf;
				ENABLE_STRICT_OBJC_MSGSEND = YES;
				ENABLE_TESTABILITY = YES;
				GCC_C_LANGUAGE_STANDARD = gnu11;
				GCC_DYNAMIC_NO_PIC = NO;
				GCC_NO_COMMON_BLOCKS = YES;
				GCC_OPTIMIZATION_LEVEL = 0;
				GCC_PREPROCESSOR_DEFINITIONS = (
					"DEBUG=1",
					"$(inherited)",
				);
				GCC_WARN_64_TO_32_BIT_CONVERSION = YES;
				GCC_WARN_ABOUT_RETURN_TYPE = YES_ERROR;
				GCC_WARN_UNDECLARED_SELECTOR = YES;
				GCC_WARN_UNINITIALIZED_AUTOS = YES_AGGRESSIVE;
				GCC_WARN_UNUSED_FUNCTION = YES;
				GCC_WARN_UNUSED_VARIABLE = YES;
				IPHONEOS_DEPLOYMENT_TARGET = 16.0;
				MTL_ENABLE_DEBUG_INFO = INCLUDE_SOURCE;
				MTL_FAST_MATH = YES;
				ONLY_ACTIVE_ARCH = YES;
				SDKROOT = iphoneos;
				SWIFT_ACTIVE_COMPILATION_CONDITIONS = DEBUG;
				SWIFT_OPTIMIZATION_LEVEL = "-Onone";
			};
			name = Debug;
		};
		15A4F70928F59EEA00060880 /* Release */ = {
			isa = XCBuildConfiguration;
			buildSettings = {
				ALWAYS_SEARCH_USER_PATHS = NO;
				CLANG_ANALYZER_NONNULL = YES;
				CLANG_ANALYZER_NUMBER_OBJECT_CONVERSION = YES_AGGRESSIVE;
				CLANG_CXX_LANGUAGE_STANDARD = "gnu++20";
				CLANG_ENABLE_MODULES = YES;
				CLANG_ENABLE_OBJC_ARC = YES;
				CLANG_ENABLE_OBJC_WEAK = YES;
				CLANG_WARN_BLOCK_CAPTURE_AUTORELEASING = YES;
				CLANG_WARN_BOOL_CONVERSION = YES;
				CLANG_WARN_COMMA = YES;
				CLANG_WARN_CONSTANT_CONVERSION = YES;
				CLANG_WARN_DEPRECATED_OBJC_IMPLEMENTATIONS = YES;
				CLANG_WARN_DIRECT_OBJC_ISA_USAGE = YES_ERROR;
				CLANG_WARN_DOCUMENTATION_COMMENTS = YES;
				CLANG_WARN_EMPTY_BODY = YES;
				CLANG_WARN_ENUM_CONVERSION = YES;
				CLANG_WARN_INFINITE_RECURSION = YES;
				CLANG_WARN_INT_CONVERSION = YES;
				CLANG_WARN_NON_LITERAL_NULL_CONVERSION = YES;
				CLANG_WARN_OBJC_IMPLICIT_RETAIN_SELF = YES;
				CLANG_WARN_OBJC_LITERAL_CONVERSION = YES;
				CLANG_WARN_OBJC_ROOT_CLASS = YES_ERROR;
				CLANG_WARN_QUOTED_INCLUDE_IN_FRAMEWORK_HEADER = YES;
				CLANG_WARN_RANGE_LOOP_ANALYSIS = YES;
				CLANG_WARN_STRICT_PROTOTYPES = YES;
				CLANG_WARN_SUSPICIOUS_MOVE = YES;
				CLANG_WARN_UNGUARDED_AVAILABILITY = YES_AGGRESSIVE;
				CLANG_WARN_UNREACHABLE_CODE = YES;
				CLANG_WARN__DUPLICATE_METHOD_MATCH = YES;
				COPY_PHASE_STRIP = NO;
				DEBUG_INFORMATION_FORMAT = "dwarf-with-dsym";
				ENABLE_NS_ASSERTIONS = NO;
				ENABLE_STRICT_OBJC_MSGSEND = YES;
				GCC_C_LANGUAGE_STANDARD = gnu11;
				GCC_NO_COMMON_BLOCKS = YES;
				GCC_WARN_64_TO_32_BIT_CONVERSION = YES;
				GCC_WARN_ABOUT_RETURN_TYPE = YES_ERROR;
				GCC_WARN_UNDECLARED_SELECTOR = YES;
				GCC_WARN_UNINITIALIZED_AUTOS = YES_AGGRESSIVE;
				GCC_WARN_UNUSED_FUNCTION = YES;
				GCC_WARN_UNUSED_VARIABLE = YES;
				IPHONEOS_DEPLOYMENT_TARGET = 16.0;
				MTL_ENABLE_DEBUG_INFO = NO;
				MTL_FAST_MATH = YES;
				SDKROOT = iphoneos;
				SWIFT_COMPILATION_MODE = wholemodule;
				SWIFT_OPTIMIZATION_LEVEL = "-O";
				VALIDATE_PRODUCT = YES;
			};
			name = Release;
		};
		15A4F70B28F59EEA00060880 /* Debug */ = {
			isa = XCBuildConfiguration;
			buildSettings = {
				ASSETCATALOG_COMPILER_APPICON_NAME = AppIcon;
				ASSETCATALOG_COMPILER_GLOBAL_ACCENT_COLOR_NAME = AccentColor;
				CODE_SIGN_STYLE = Automatic;
				CURRENT_PROJECT_VERSION = 1;
				DEVELOPMENT_ASSET_PATHS = "\"PizzaAnimation/Preview Content\"";
				DEVELOPMENT_TEAM = X59FH7DDNB;
				ENABLE_PREVIEWS = YES;
				GENERATE_INFOPLIST_FILE = YES;
				INFOPLIST_KEY_UIApplicationSceneManifest_Generation = YES;
				INFOPLIST_KEY_UIApplicationSupportsIndirectInputEvents = YES;
				INFOPLIST_KEY_UILaunchScreen_Generation = YES;
				INFOPLIST_KEY_UISupportedInterfaceOrientations_iPad = "UIInterfaceOrientationPortrait UIInterfaceOrientationPortraitUpsideDown UIInterfaceOrientationLandscapeLeft UIInterfaceOrientationLandscapeRight";
				INFOPLIST_KEY_UISupportedInterfaceOrientations_iPhone = "UIInterfaceOrientationPortrait UIInterfaceOrientationLandscapeLeft UIInterfaceOrientationLandscapeRight";
				LD_RUNPATH_SEARCH_PATHS = (
					"$(inherited)",
					"@executable_path/Frameworks",
				);
				MARKETING_VERSION = 1.0;
				PRODUCT_BUNDLE_IDENTIFIER = SW.PizzaAnimation;
				PRODUCT_NAME = "$(TARGET_NAME)";
				SWIFT_EMIT_LOC_STRINGS = YES;
				SWIFT_VERSION = 5.0;
				TARGETED_DEVICE_FAMILY = "1,2";
			};
			name = Debug;
		};
		15A4F70C28F59EEA00060880 /* Release */ = {
			isa = XCBuildConfiguration;
			buildSettings = {
				ASSETCATALOG_COMPILER_APPICON_NAME = AppIcon;
				ASSETCATALOG_COMPILER_GLOBAL_ACCENT_COLOR_NAME = AccentColor;
				CODE_SIGN_STYLE = Automatic;
				CURRENT_PROJECT_VERSION = 1;
				DEVELOPMENT_ASSET_PATHS = "\"PizzaAnimation/Preview Content\"";
				DEVELOPMENT_TEAM = X59FH7DDNB;
				ENABLE_PREVIEWS = YES;
				GENERATE_INFOPLIST_FILE = YES;
				INFOPLIST_KEY_UIApplicationSceneManifest_Generation = YES;
				INFOPLIST_KEY_UIApplicationSupportsIndirectInputEvents = YES;
				INFOPLIST_KEY_UILaunchScreen_Generation = YES;
				INFOPLIST_KEY_UISupportedInterfaceOrientations_iPad = "UIInterfaceOrientationPortrait UIInterfaceOrientationPortraitUpsideDown UIInterfaceOrientationLandscapeLeft UIInterfaceOrientationLandscapeRight";
				INFOPLIST_KEY_UISupportedInterfaceOrientations_iPhone = "UIInterfaceOrientationPortrait UIInterfaceOrientationLandscapeLeft UIInterfaceOrientationLandscapeRight";
				LD_RUNPATH_SEARCH_PATHS = (
					"$(inherited)",
					"@executable_path/Frameworks",
				);
				MARKETING_VERSION = 1.0;
				PRODUCT_BUNDLE_IDENTIFIER = SW.PizzaAnimation;
				PRODUCT_NAME = "$(TARGET_NAME)";
				SWIFT_EMIT_LOC_STRINGS = YES;
				SWIFT_VERSION = 5.0;
				TARGETED_DEVICE_FAMILY = "1,2";
			};
			name = Release;
		};
		15A4F70E28F59EEA00060880 /* Debug */ = {
			isa = XCBuildConfiguration;
			buildSettings = {
				ALWAYS_EMBED_SWIFT_STANDARD_LIBRARIES = YES;
				BUNDLE_LOADER = "$(TEST_HOST)";
				CODE_SIGN_STYLE = Automatic;
				CURRENT_PROJECT_VERSION = 1;
				DEVELOPMENT_TEAM = X59FH7DDNB;
				GENERATE_INFOPLIST_FILE = YES;
				IPHONEOS_DEPLOYMENT_TARGET = 16.0;
				MARKETING_VERSION = 1.0;
				PRODUCT_BUNDLE_IDENTIFIER = SW.PizzaAnimationTests;
				PRODUCT_NAME = "$(TARGET_NAME)";
				SWIFT_EMIT_LOC_STRINGS = NO;
				SWIFT_VERSION = 5.0;
				TARGETED_DEVICE_FAMILY = "1,2";
				TEST_HOST = "$(BUILT_PRODUCTS_DIR)/PizzaAnimation.app/$(BUNDLE_EXECUTABLE_FOLDER_PATH)/PizzaAnimation";
			};
			name = Debug;
		};
		15A4F70F28F59EEA00060880 /* Release */ = {
			isa = XCBuildConfiguration;
			buildSettings = {
				ALWAYS_EMBED_SWIFT_STANDARD_LIBRARIES = YES;
				BUNDLE_LOADER = "$(TEST_HOST)";
				CODE_SIGN_STYLE = Automatic;
				CURRENT_PROJECT_VERSION = 1;
				DEVELOPMENT_TEAM = X59FH7DDNB;
				GENERATE_INFOPLIST_FILE = YES;
				IPHONEOS_DEPLOYMENT_TARGET = 16.0;
				MARKETING_VERSION = 1.0;
				PRODUCT_BUNDLE_IDENTIFIER = SW.PizzaAnimationTests;
				PRODUCT_NAME = "$(TARGET_NAME)";
				SWIFT_EMIT_LOC_STRINGS = NO;
				SWIFT_VERSION = 5.0;
				TARGETED_DEVICE_FAMILY = "1,2";
				TEST_HOST = "$(BUILT_PRODUCTS_DIR)/PizzaAnimation.app/$(BUNDLE_EXECUTABLE_FOLDER_PATH)/PizzaAnimation";
			};
			name = Release;
		};
		15A4F71128F59EEA00060880 /* Debug */ = {
			isa = XCBuildConfiguration;
			buildSettings = {
				ALWAYS_EMBED_SWIFT_STANDARD_LIBRARIES = YES;
				CODE_SIGN_STYLE = Automatic;
				CURRENT_PROJECT_VERSION = 1;
				DEVELOPMENT_TEAM = X59FH7DDNB;
				GENERATE_INFOPLIST_FILE = YES;
				MARKETING_VERSION = 1.0;
				PRODUCT_BUNDLE_IDENTIFIER = SW.PizzaAnimationUITests;
				PRODUCT_NAME = "$(TARGET_NAME)";
				SWIFT_EMIT_LOC_STRINGS = NO;
				SWIFT_VERSION = 5.0;
				TARGETED_DEVICE_FAMILY = "1,2";
				TEST_TARGET_NAME = PizzaAnimation;
			};
			name = Debug;
		};
		15A4F71228F59EEA00060880 /* Release */ = {
			isa = XCBuildConfiguration;
			buildSettings = {
				ALWAYS_EMBED_SWIFT_STANDARD_LIBRARIES = YES;
				CODE_SIGN_STYLE = Automatic;
				CURRENT_PROJECT_VERSION = 1;
				DEVELOPMENT_TEAM = X59FH7DDNB;
				GENERATE_INFOPLIST_FILE = YES;
				MARKETING_VERSION = 1.0;
				PRODUCT_BUNDLE_IDENTIFIER = SW.PizzaAnimationUITests;
				PRODUCT_NAME = "$(TARGET_NAME)";
				SWIFT_EMIT_LOC_STRINGS = NO;
				SWIFT_VERSION = 5.0;
				TARGETED_DEVICE_FAMILY = "1,2";
				TEST_TARGET_NAME = PizzaAnimation;
			};
			name = Release;
		};
/* End XCBuildConfiguration section */

/* Begin XCConfigurationList section */
		15A4F6E128F59EE800060880 /* Build configuration list for PBXProject "PizzaAnimation" */ = {
			isa = XCConfigurationList;
			buildConfigurations = (
				15A4F70828F59EEA00060880 /* Debug */,
				15A4F70928F59EEA00060880 /* Release */,
			);
			defaultConfigurationIsVisible = 0;
			defaultConfigurationName = Release;
		};
		15A4F70A28F59EEA00060880 /* Build configuration list for PBXNativeTarget "PizzaAnimation" */ = {
			isa = XCConfigurationList;
			buildConfigurations = (
				15A4F70B28F59EEA00060880 /* Debug */,
				15A4F70C28F59EEA00060880 /* Release */,
			);
			defaultConfigurationIsVisible = 0;
			defaultConfigurationName = Release;
		};
		15A4F70D28F59EEA00060880 /* Build configuration list for PBXNativeTarget "PizzaAnimationTests" */ = {
			isa = XCConfigurationList;
			buildConfigurations = (
				15A4F70E28F59EEA00060880 /* Debug */,
				15A4F70F28F59EEA00060880 /* Release */,
			);
			defaultConfigurationIsVisible = 0;
			defaultConfigurationName = Release;
		};
		15A4F71028F59EEA00060880 /* Build configuration list for PBXNativeTarget "PizzaAnimationUITests" */ = {
			isa = XCConfigurationList;
			buildConfigurations = (
				15A4F71128F59EEA00060880 /* Debug */,
				15A4F71228F59EEA00060880 /* Release */,
			);
			defaultConfigurationIsVisible = 0;
			defaultConfigurationName = Release;
		};
/* End XCConfigurationList section */
	};
	rootObject = 15A4F6DE28F59EE800060880 /* Project object */;
}
